// !$*UTF8*$!
{
	archiveVersion = 1;
	classes = {
	};
	objectVersion = 46;
	objects = {

/* Begin PBXBuildFile section */
		B4C4E01A1EABF354000ADE9A /* main.swift in Sources */ = {isa = PBXBuildFile; fileRef = B4C4E0191EABF354000ADE9A /* main.swift */; };
		B4C4E0211EABF3BE000ADE9A /* Utils.swift in Sources */ = {isa = PBXBuildFile; fileRef = B4C4E0201EABF3BE000ADE9A /* Utils.swift */; };
		B4C4E0231EABF729000ADE9A /* Bitstring.swift in Sources */ = {isa = PBXBuildFile; fileRef = B4C4E0221EABF729000ADE9A /* Bitstring.swift */; };
		B4C4E0251EAC1A85000ADE9A /* Bit.swift in Sources */ = {isa = PBXBuildFile; fileRef = B4C4E0241EAC1A85000ADE9A /* Bit.swift */; };
		B4C4E0271EAC47C4000ADE9A /* Generation.swift in Sources */ = {isa = PBXBuildFile; fileRef = B4C4E0261EAC47C4000ADE9A /* Generation.swift */; };
		B4C4E0291EAC52D9000ADE9A /* Statistics.swift in Sources */ = {isa = PBXBuildFile; fileRef = B4C4E0281EAC52D9000ADE9A /* Statistics.swift */; };
/* End PBXBuildFile section */

/* Begin PBXCopyFilesBuildPhase section */
		B4C4E0141EABF354000ADE9A /* CopyFiles */ = {
			isa = PBXCopyFilesBuildPhase;
			buildActionMask = 2147483647;
			dstPath = /usr/share/man/man1/;
			dstSubfolderSpec = 0;
			files = (
			);
			runOnlyForDeploymentPostprocessing = 1;
		};
/* End PBXCopyFilesBuildPhase section */

/* Begin PBXFileReference section */
		B4C4E0161EABF354000ADE9A /* Project5 */ = {isa = PBXFileReference; explicitFileType = "compiled.mach-o.executable"; includeInIndex = 0; path = Project5; sourceTree = BUILT_PRODUCTS_DIR; };
		B4C4E0191EABF354000ADE9A /* main.swift */ = {isa = PBXFileReference; lastKnownFileType = sourcecode.swift; path = main.swift; sourceTree = "<group>"; };
		B4C4E0201EABF3BE000ADE9A /* Utils.swift */ = {isa = PBXFileReference; fileEncoding = 4; lastKnownFileType = sourcecode.swift; path = Utils.swift; sourceTree = "<group>"; };
		B4C4E0221EABF729000ADE9A /* Bitstring.swift */ = {isa = PBXFileReference; fileEncoding = 4; lastKnownFileType = sourcecode.swift; path = Bitstring.swift; sourceTree = "<group>"; };
		B4C4E0241EAC1A85000ADE9A /* Bit.swift */ = {isa = PBXFileReference; fileEncoding = 4; lastKnownFileType = sourcecode.swift; path = Bit.swift; sourceTree = "<group>"; };
		B4C4E0261EAC47C4000ADE9A /* Generation.swift */ = {isa = PBXFileReference; fileEncoding = 4; lastKnownFileType = sourcecode.swift; path = Generation.swift; sourceTree = "<group>"; };
		B4C4E0281EAC52D9000ADE9A /* Statistics.swift */ = {isa = PBXFileReference; fileEncoding = 4; lastKnownFileType = sourcecode.swift; path = Statistics.swift; sourceTree = "<group>"; };
/* End PBXFileReference section */

/* Begin PBXFrameworksBuildPhase section */
		B4C4E0131EABF354000ADE9A /* Frameworks */ = {
			isa = PBXFrameworksBuildPhase;
			buildActionMask = 2147483647;
			files = (
			);
			runOnlyForDeploymentPostprocessing = 0;
		};
/* End PBXFrameworksBuildPhase section */

/* Begin PBXGroup section */
		B4C4E00D1EABF354000ADE9A = {
			isa = PBXGroup;
			children = (
				B4C4E0181EABF354000ADE9A /* Project5 */,
				B4C4E0171EABF354000ADE9A /* Products */,
			);
			sourceTree = "<group>";
		};
		B4C4E0171EABF354000ADE9A /* Products */ = {
			isa = PBXGroup;
			children = (
				B4C4E0161EABF354000ADE9A /* Project5 */,
			);
			name = Products;
			sourceTree = "<group>";
		};
		B4C4E0181EABF354000ADE9A /* Project5 */ = {
			isa = PBXGroup;
			children = (
				B4C4E0191EABF354000ADE9A /* main.swift */,
				B4C4E0221EABF729000ADE9A /* Bitstring.swift */,
				B4C4E0241EAC1A85000ADE9A /* Bit.swift */,
				B4C4E0201EABF3BE000ADE9A /* Utils.swift */,
				B4C4E0261EAC47C4000ADE9A /* Generation.swift */,
				B4C4E0281EAC52D9000ADE9A /* Statistics.swift */,
			);
			path = Project5;
			sourceTree = "<group>";
		};
/* End PBXGroup section */

/* Begin PBXNativeTarget section */
		B4C4E0151EABF354000ADE9A /* Project5 */ = {
			isa = PBXNativeTarget;
			buildConfigurationList = B4C4E01D1EABF354000ADE9A /* Build configuration list for PBXNativeTarget "Project5" */;
			buildPhases = (
				B4C4E0121EABF354000ADE9A /* Sources */,
				B4C4E0131EABF354000ADE9A /* Frameworks */,
				B4C4E0141EABF354000ADE9A /* CopyFiles */,
			);
			buildRules = (
			);
			dependencies = (
			);
			name = Project5;
			productName = Project5;
			productReference = B4C4E0161EABF354000ADE9A /* Project5 */;
			productType = "com.apple.product-type.tool";
		};
/* End PBXNativeTarget section */

/* Begin PBXProject section */
		B4C4E00E1EABF354000ADE9A /* Project object */ = {
			isa = PBXProject;
			attributes = {
				LastSwiftUpdateCheck = 0830;
				LastUpgradeCheck = 0830;
				ORGANIZATIONNAME = "Chris Martin";
				TargetAttributes = {
					B4C4E0151EABF354000ADE9A = {
						CreatedOnToolsVersion = 8.3;
						DevelopmentTeam = 4TD75KA4GE;
						ProvisioningStyle = Automatic;
					};
				};
			};
			buildConfigurationList = B4C4E0111EABF354000ADE9A /* Build configuration list for PBXProject "Project5" */;
			compatibilityVersion = "Xcode 3.2";
			developmentRegion = English;
			hasScannedForEncodings = 0;
			knownRegions = (
				en,
			);
			mainGroup = B4C4E00D1EABF354000ADE9A;
			productRefGroup = B4C4E0171EABF354000ADE9A /* Products */;
			projectDirPath = "";
			projectRoot = "";
			targets = (
				B4C4E0151EABF354000ADE9A /* Project5 */,
			);
		};
/* End PBXProject section */

/* Begin PBXSourcesBuildPhase section */
		B4C4E0121EABF354000ADE9A /* Sources */ = {
			isa = PBXSourcesBuildPhase;
			buildActionMask = 2147483647;
			files = (
				B4C4E0231EABF729000ADE9A /* Bitstring.swift in Sources */,
				B4C4E01A1EABF354000ADE9A /* main.swift in Sources */,
				B4C4E0211EABF3BE000ADE9A /* Utils.swift in Sources */,
				B4C4E0251EAC1A85000ADE9A /* Bit.swift in Sources */,
				B4C4E0291EAC52D9000ADE9A /* Statistics.swift in Sources */,
				B4C4E0271EAC47C4000ADE9A /* Generation.swift in Sources */,
			);
			runOnlyForDeploymentPostprocessing = 0;
		};
/* End PBXSourcesBuildPhase section */

/* Begin XCBuildConfiguration section */
		B4C4E01B1EABF354000ADE9A /* Debug */ = {
			isa = XCBuildConfiguration;
			buildSettings = {
				ALWAYS_SEARCH_USER_PATHS = NO;
				CLANG_ANALYZER_NONNULL = YES;
				CLANG_ANALYZER_NUMBER_OBJECT_CONVERSION = YES_AGGRESSIVE;
				CLANG_CXX_LANGUAGE_STANDARD = "gnu++0x";
				CLANG_CXX_LIBRARY = "libc++";
				CLANG_ENABLE_MODULES = YES;
				CLANG_ENABLE_OBJC_ARC = YES;
				CLANG_WARN_BOOL_CONVERSION = YES;
				CLANG_WARN_CONSTANT_CONVERSION = YES;
				CLANG_WARN_DIRECT_OBJC_ISA_USAGE = YES_ERROR;
				CLANG_WARN_DOCUMENTATION_COMMENTS = YES;
				CLANG_WARN_EMPTY_BODY = YES;
				CLANG_WARN_ENUM_CONVERSION = YES;
				CLANG_WARN_INFINITE_RECURSION = YES;
				CLANG_WARN_INT_CONVERSION = YES;
				CLANG_WARN_OBJC_ROOT_CLASS = YES_ERROR;
				CLANG_WARN_SUSPICIOUS_MOVE = YES;
				CLANG_WARN_UNREACHABLE_CODE = YES;
				CLANG_WARN__DUPLICATE_METHOD_MATCH = YES;
				CODE_SIGN_IDENTITY = "-";
				COPY_PHASE_STRIP = NO;
				DEBUG_INFORMATION_FORMAT = dwarf;
				ENABLE_STRICT_OBJC_MSGSEND = YES;
				ENABLE_TESTABILITY = YES;
				GCC_C_LANGUAGE_STANDARD = gnu99;
				GCC_DYNAMIC_NO_PIC = NO;
				GCC_NO_COMMON_BLOCKS = YES;
				GCC_OPTIMIZATION_LEVEL = 0;
				GCC_PREPROCESSOR_DEFINITIONS = (
					"DEBUG=1",
					"$(inherited)",
				);
				GCC_WARN_64_TO_32_BIT_CONVERSION = YES;
				GCC_WARN_ABOUT_RETURN_TYPE = YES_ERROR;
				GCC_WARN_UNDECLARED_SELECTOR = YES;
				GCC_WARN_UNINITIALIZED_AUTOS = YES_AGGRESSIVE;
				GCC_WARN_UNUSED_FUNCTION = YES;
				GCC_WARN_UNUSED_VARIABLE = YES;
				MACOSX_DEPLOYMENT_TARGET = 10.12;
				MTL_ENABLE_DEBUG_INFO = YES;
				ONLY_ACTIVE_ARCH = YES;
				SDKROOT = macosx;
				SWIFT_OPTIMIZATION_LEVEL = "-Onone";
			};
			name = Debug;
		};
		B4C4E01C1EABF354000ADE9A /* Release */ = {
			isa = XCBuildConfiguration;
			buildSettings = {
				ALWAYS_SEARCH_USER_PATHS = NO;
				CLANG_ANALYZER_NONNULL = YES;
				CLANG_ANALYZER_NUMBER_OBJECT_CONVERSION = YES_AGGRESSIVE;
				CLANG_CXX_LANGUAGE_STANDARD = "gnu++0x";
				CLANG_CXX_LIBRARY = "libc++";
				CLANG_ENABLE_MODULES = YES;
				CLANG_ENABLE_OBJC_ARC = YES;
				CLANG_WARN_BOOL_CONVERSION = YES;
				CLANG_WARN_CONSTANT_CONVERSION = YES;
				CLANG_WARN_DIRECT_OBJC_ISA_USAGE = YES_ERROR;
				CLANG_WARN_DOCUMENTATION_COMMENTS = YES;
				CLANG_WARN_EMPTY_BODY = YES;
				CLANG_WARN_ENUM_CONVERSION = YES;
				CLANG_WARN_INFINITE_RECURSION = YES;
				CLANG_WARN_INT_CONVERSION = YES;
				CLANG_WARN_OBJC_ROOT_CLASS = YES_ERROR;
				CLANG_WARN_SUSPICIOUS_MOVE = YES;
				CLANG_WARN_UNREACHABLE_CODE = YES;
				CLANG_WARN__DUPLICATE_METHOD_MATCH = YES;
				CODE_SIGN_IDENTITY = "-";
				COPY_PHASE_STRIP = NO;
				DEBUG_INFORMATION_FORMAT = "dwarf-with-dsym";
				ENABLE_NS_ASSERTIONS = NO;
				ENABLE_STRICT_OBJC_MSGSEND = YES;
				GCC_C_LANGUAGE_STANDARD = gnu99;
				GCC_NO_COMMON_BLOCKS = YES;
				GCC_WARN_64_TO_32_BIT_CONVERSION = YES;
				GCC_WARN_ABOUT_RETURN_TYPE = YES_ERROR;
				GCC_WARN_UNDECLARED_SELECTOR = YES;
				GCC_WARN_UNINITIALIZED_AUTOS = YES_AGGRESSIVE;
				GCC_WARN_UNUSED_FUNCTION = YES;
				GCC_WARN_UNUSED_VARIABLE = YES;
				MACOSX_DEPLOYMENT_TARGET = 10.12;
				MTL_ENABLE_DEBUG_INFO = NO;
				SDKROOT = macosx;
			};
			name = Release;
		};
		B4C4E01E1EABF354000ADE9A /* Debug */ = {
			isa = XCBuildConfiguration;
			buildSettings = {
				DEVELOPMENT_TEAM = 4TD75KA4GE;
				PRODUCT_NAME = "$(TARGET_NAME)";
				SWIFT_VERSION = 3.0;
			};
			name = Debug;
		};
		B4C4E01F1EABF354000ADE9A /* Release */ = {
			isa = XCBuildConfiguration;
			buildSettings = {
				DEVELOPMENT_TEAM = 4TD75KA4GE;
				PRODUCT_NAME = "$(TARGET_NAME)";
				SWIFT_VERSION = 3.0;
			};
			name = Release;
		};
/* End XCBuildConfiguration section */

/* Begin XCConfigurationList section */
		B4C4E0111EABF354000ADE9A /* Build configuration list for PBXProject "Project5" */ = {
			isa = XCConfigurationList;
			buildConfigurations = (
				B4C4E01B1EABF354000ADE9A /* Debug */,
				B4C4E01C1EABF354000ADE9A /* Release */,
			);
			defaultConfigurationIsVisible = 0;
			defaultConfigurationName = Release;
		};
		B4C4E01D1EABF354000ADE9A /* Build configuration list for PBXNativeTarget "Project5" */ = {
			isa = XCConfigurationList;
			buildConfigurations = (
				B4C4E01E1EABF354000ADE9A /* Debug */,
				B4C4E01F1EABF354000ADE9A /* Release */,
			);
			defaultConfigurationIsVisible = 0;
		};
/* End XCConfigurationList section */
	};
	rootObject = B4C4E00E1EABF354000ADE9A /* Project object */;
}
